
Microsoft Visual Studio Solution File, Format Version 12.00
# Visual Studio Version 16
VisualStudioVersion = 16.0.30225.117
MinimumVisualStudioVersion = 10.0.40219.1
Project("{FAE04EC0-301F-11D3-BF4B-00C04F79EFBC}") = "Program4 - String Datatype", "Program4 - String Datatype\Program4 - String Datatype.csproj", "{D344F879-BFB7-40D7-B7C1-6C8FF1324CD8}"
EndProject
Global
	GlobalSection(SolutionConfigurationPlatforms) = preSolution
		Debug|Any CPU = Debug|Any CPU
		Release|Any CPU = Release|Any CPU
	EndGlobalSection
	GlobalSection(ProjectConfigurationPlatforms) = postSolution
		{D344F879-BFB7-40D7-B7C1-6C8FF1324CD8}.Debug|Any CPU.ActiveCfg = Debug|Any CPU
		{D344F879-BFB7-40D7-B7C1-6C8FF1324CD8}.Debug|Any CPU.Build.0 = Debug|Any CPU
		{D344F879-BFB7-40D7-B7C1-6C8FF1324CD8}.Release|Any CPU.ActiveCfg = Release|Any CPU
		{D344F879-BFB7-40D7-B7C1-6C8FF1324CD8}.Release|Any CPU.Build.0 = Release|Any CPU
	EndGlobalSection
	GlobalSection(SolutionProperties) = preSolution
		HideSolutionNode = FALSE
	EndGlobalSection
	GlobalSection(ExtensibilityGlobals) = postSolution
		SolutionGuid = {2D34D4D2-E997-49E6-8F39-12B1967CF212}
	EndGlobalSection
EndGlobal
