
Microsoft Visual Studio Solution File, Format Version 12.00
# Visual Studio Version 16
VisualStudioVersion = 16.0.30225.117
MinimumVisualStudioVersion = 10.0.40219.1
Project("{FAE04EC0-301F-11D3-BF4B-00C04F79EFBC}") = "Program9", "Program9\Program9.csproj", "{373250F3-1A36-432B-88C0-787C38839F9B}"
EndProject
Global
	GlobalSection(SolutionConfigurationPlatforms) = preSolution
		Debug|Any CPU = Debug|Any CPU
		Release|Any CPU = Release|Any CPU
	EndGlobalSection
	GlobalSection(ProjectConfigurationPlatforms) = postSolution
		{373250F3-1A36-432B-88C0-787C38839F9B}.Debug|Any CPU.ActiveCfg = Debug|Any CPU
		{373250F3-1A36-432B-88C0-787C38839F9B}.Debug|Any CPU.Build.0 = Debug|Any CPU
		{373250F3-1A36-432B-88C0-787C38839F9B}.Release|Any CPU.ActiveCfg = Release|Any CPU
		{373250F3-1A36-432B-88C0-787C38839F9B}.Release|Any CPU.Build.0 = Release|Any CPU
	EndGlobalSection
	GlobalSection(SolutionProperties) = preSolution
		HideSolutionNode = FALSE
	EndGlobalSection
	GlobalSection(ExtensibilityGlobals) = postSolution
		SolutionGuid = {80E0989F-71AD-4497-A9C4-B93CF3BC24FF}
	EndGlobalSection
EndGlobal
