
Microsoft Visual Studio Solution File, Format Version 12.00
# Visual Studio Version 16
VisualStudioVersion = 16.0.30225.117
MinimumVisualStudioVersion = 10.0.40219.1
Project("{FAE04EC0-301F-11D3-BF4B-00C04F79EFBC}") = "Program5 - Nullable Operators", "Program5 - Nullable Operators\Program5 - Nullable Operators.csproj", "{CEDC9F2B-E0F5-4E5C-AE1A-B148A965D2D4}"
EndProject
Global
	GlobalSection(SolutionConfigurationPlatforms) = preSolution
		Debug|Any CPU = Debug|Any CPU
		Release|Any CPU = Release|Any CPU
	EndGlobalSection
	GlobalSection(ProjectConfigurationPlatforms) = postSolution
		{CEDC9F2B-E0F5-4E5C-AE1A-B148A965D2D4}.Debug|Any CPU.ActiveCfg = Debug|Any CPU
		{CEDC9F2B-E0F5-4E5C-AE1A-B148A965D2D4}.Debug|Any CPU.Build.0 = Debug|Any CPU
		{CEDC9F2B-E0F5-4E5C-AE1A-B148A965D2D4}.Release|Any CPU.ActiveCfg = Release|Any CPU
		{CEDC9F2B-E0F5-4E5C-AE1A-B148A965D2D4}.Release|Any CPU.Build.0 = Release|Any CPU
	EndGlobalSection
	GlobalSection(SolutionProperties) = preSolution
		HideSolutionNode = FALSE
	EndGlobalSection
	GlobalSection(ExtensibilityGlobals) = postSolution
		SolutionGuid = {B3C90A94-5A58-4343-A8EE-C3CC49A755FB}
	EndGlobalSection
EndGlobal
