
Microsoft Visual Studio Solution File, Format Version 12.00
# Visual Studio Version 16
VisualStudioVersion = 16.0.30225.117
MinimumVisualStudioVersion = 10.0.40219.1
Project("{FAE04EC0-301F-11D3-BF4B-00C04F79EFBC}") = "Program1 - Introduction", "Program1 - Introduction\Program1 - Introduction.csproj", "{7D70D711-D027-485D-98D6-3798DC45A9DA}"
EndProject
Global
	GlobalSection(SolutionConfigurationPlatforms) = preSolution
		Debug|Any CPU = Debug|Any CPU
		Release|Any CPU = Release|Any CPU
	EndGlobalSection
	GlobalSection(ProjectConfigurationPlatforms) = postSolution
		{7D70D711-D027-485D-98D6-3798DC45A9DA}.Debug|Any CPU.ActiveCfg = Debug|Any CPU
		{7D70D711-D027-485D-98D6-3798DC45A9DA}.Debug|Any CPU.Build.0 = Debug|Any CPU
		{7D70D711-D027-485D-98D6-3798DC45A9DA}.Release|Any CPU.ActiveCfg = Release|Any CPU
		{7D70D711-D027-485D-98D6-3798DC45A9DA}.Release|Any CPU.Build.0 = Release|Any CPU
	EndGlobalSection
	GlobalSection(SolutionProperties) = preSolution
		HideSolutionNode = FALSE
	EndGlobalSection
	GlobalSection(ExtensibilityGlobals) = postSolution
		SolutionGuid = {CC73950E-F693-46B8-9435-962AB3238217}
	EndGlobalSection
EndGlobal
