
Microsoft Visual Studio Solution File, Format Version 12.00
# Visual Studio Version 16
VisualStudioVersion = 16.0.30225.117
MinimumVisualStudioVersion = 10.0.40219.1
Project("{FAE04EC0-301F-11D3-BF4B-00C04F79EFBC}") = "Program13 - Namespaces in Different Files", "Program13 - Namespaces in Different Files\Program13 - Namespaces in Different Files.csproj", "{EEBC9B08-C527-4C9C-A2B5-13358B283FDE}"
EndProject
Project("{FAE04EC0-301F-11D3-BF4B-00C04F79EFBC}") = "Vehicle.Car.cs", "Vehicle.Car.cs\Vehicle.Car.cs.csproj", "{628C0157-86C6-49F3-BC48-9E067AF79343}"
EndProject
Project("{FAE04EC0-301F-11D3-BF4B-00C04F79EFBC}") = "Vehicle.Truck.cs", "Vehicle.Truck.cs\Vehicle.Truck.cs.csproj", "{A1EFC164-1FB6-4851-B838-C473A28D832A}"
EndProject
Global
	GlobalSection(SolutionConfigurationPlatforms) = preSolution
		Debug|Any CPU = Debug|Any CPU
		Release|Any CPU = Release|Any CPU
	EndGlobalSection
	GlobalSection(ProjectConfigurationPlatforms) = postSolution
		{EEBC9B08-C527-4C9C-A2B5-13358B283FDE}.Debug|Any CPU.ActiveCfg = Debug|Any CPU
		{EEBC9B08-C527-4C9C-A2B5-13358B283FDE}.Debug|Any CPU.Build.0 = Debug|Any CPU
		{EEBC9B08-C527-4C9C-A2B5-13358B283FDE}.Release|Any CPU.ActiveCfg = Release|Any CPU
		{EEBC9B08-C527-4C9C-A2B5-13358B283FDE}.Release|Any CPU.Build.0 = Release|Any CPU
		{628C0157-86C6-49F3-BC48-9E067AF79343}.Debug|Any CPU.ActiveCfg = Debug|Any CPU
		{628C0157-86C6-49F3-BC48-9E067AF79343}.Debug|Any CPU.Build.0 = Debug|Any CPU
		{628C0157-86C6-49F3-BC48-9E067AF79343}.Release|Any CPU.ActiveCfg = Release|Any CPU
		{628C0157-86C6-49F3-BC48-9E067AF79343}.Release|Any CPU.Build.0 = Release|Any CPU
		{A1EFC164-1FB6-4851-B838-C473A28D832A}.Debug|Any CPU.ActiveCfg = Debug|Any CPU
		{A1EFC164-1FB6-4851-B838-C473A28D832A}.Debug|Any CPU.Build.0 = Debug|Any CPU
		{A1EFC164-1FB6-4851-B838-C473A28D832A}.Release|Any CPU.ActiveCfg = Release|Any CPU
		{A1EFC164-1FB6-4851-B838-C473A28D832A}.Release|Any CPU.Build.0 = Release|Any CPU
	EndGlobalSection
	GlobalSection(SolutionProperties) = preSolution
		HideSolutionNode = FALSE
	EndGlobalSection
	GlobalSection(ExtensibilityGlobals) = postSolution
		SolutionGuid = {21C1C8E5-1426-4C2E-8AF2-10001416277D}
	EndGlobalSection
EndGlobal
